
Microsoft Visual Studio Solution File, Format Version 12.00
# Visual Studio Version 17
VisualStudioVersion = 17.10.35027.167
MinimumVisualStudioVersion = 10.0.40219.1
Project("{FAE04EC0-301F-11D3-BF4B-00C04F79EFBC}") = "Ablakugras", "Ablakugras.csproj", "{61F77E68-32DA-44ED-BF72-1BCF4758D1F1}"
EndProject
Global
	GlobalSection(SolutionConfigurationPlatforms) = preSolution
		Debug|Any CPU = Debug|Any CPU
		Release|Any CPU = Release|Any CPU
	EndGlobalSection
	GlobalSection(ProjectConfigurationPlatforms) = postSolution
		{61F77E68-32DA-44ED-BF72-1BCF4758D1F1}.Debug|Any CPU.ActiveCfg = Debug|Any CPU
		{61F77E68-32DA-44ED-BF72-1BCF4758D1F1}.Debug|Any CPU.Build.0 = Debug|Any CPU
		{61F77E68-32DA-44ED-BF72-1BCF4758D1F1}.Release|Any CPU.ActiveCfg = Release|Any CPU
		{61F77E68-32DA-44ED-BF72-1BCF4758D1F1}.Release|Any CPU.Build.0 = Release|Any CPU
	EndGlobalSection
	GlobalSection(SolutionProperties) = preSolution
		HideSolutionNode = FALSE
	EndGlobalSection
	GlobalSection(ExtensibilityGlobals) = postSolution
		SolutionGuid = {E4DE2489-DDC2-48D9-ABB1-AAACDDC691F2}
	EndGlobalSection
EndGlobal
