
Microsoft Visual Studio Solution File, Format Version 12.00
# Visual Studio Version 17
VisualStudioVersion = 17.10.35027.167
MinimumVisualStudioVersion = 10.0.40219.1
Project("{FAE04EC0-301F-11D3-BF4B-00C04F79EFBC}") = "Feladat1", "Feladat1.csproj", "{7AAF0E58-DD1C-44E4-9EDE-E77D0247150C}"
EndProject
Global
	GlobalSection(SolutionConfigurationPlatforms) = preSolution
		Debug|Any CPU = Debug|Any CPU
		Release|Any CPU = Release|Any CPU
	EndGlobalSection
	GlobalSection(ProjectConfigurationPlatforms) = postSolution
		{7AAF0E58-DD1C-44E4-9EDE-E77D0247150C}.Debug|Any CPU.ActiveCfg = Debug|Any CPU
		{7AAF0E58-DD1C-44E4-9EDE-E77D0247150C}.Debug|Any CPU.Build.0 = Debug|Any CPU
		{7AAF0E58-DD1C-44E4-9EDE-E77D0247150C}.Release|Any CPU.ActiveCfg = Release|Any CPU
		{7AAF0E58-DD1C-44E4-9EDE-E77D0247150C}.Release|Any CPU.Build.0 = Release|Any CPU
	EndGlobalSection
	GlobalSection(SolutionProperties) = preSolution
		HideSolutionNode = FALSE
	EndGlobalSection
	GlobalSection(ExtensibilityGlobals) = postSolution
		SolutionGuid = {10998396-688A-4759-962C-1EBE2F33EF35}
	EndGlobalSection
EndGlobal
