
Microsoft Visual Studio Solution File, Format Version 12.00
# Visual Studio Version 17
VisualStudioVersion = 17.6.33829.357
MinimumVisualStudioVersion = 10.0.40219.1
Project("{FAE04EC0-301F-11D3-BF4B-00C04F79EFBC}") = "MM-EUtagallamai", "MM-EUtagallamai\MM-EUtagallamai.csproj", "{2101E16C-3FD1-4558-A8E4-C0543F567030}"
EndProject
Global
	GlobalSection(SolutionConfigurationPlatforms) = preSolution
		Debug|Any CPU = Debug|Any CPU
		Release|Any CPU = Release|Any CPU
	EndGlobalSection
	GlobalSection(ProjectConfigurationPlatforms) = postSolution
		{2101E16C-3FD1-4558-A8E4-C0543F567030}.Debug|Any CPU.ActiveCfg = Debug|Any CPU
		{2101E16C-3FD1-4558-A8E4-C0543F567030}.Debug|Any CPU.Build.0 = Debug|Any CPU
		{2101E16C-3FD1-4558-A8E4-C0543F567030}.Release|Any CPU.ActiveCfg = Release|Any CPU
		{2101E16C-3FD1-4558-A8E4-C0543F567030}.Release|Any CPU.Build.0 = Release|Any CPU
	EndGlobalSection
	GlobalSection(SolutionProperties) = preSolution
		HideSolutionNode = FALSE
	EndGlobalSection
	GlobalSection(ExtensibilityGlobals) = postSolution
		SolutionGuid = {3B18501E-ABC5-44D8-A78E-96F5D5C65604}
	EndGlobalSection
EndGlobal
