
Microsoft Visual Studio Solution File, Format Version 12.00
# Visual Studio Version 17
VisualStudioVersion = 17.10.35027.167
MinimumVisualStudioVersion = 10.0.40219.1
Project("{FAE04EC0-301F-11D3-BF4B-00C04F79EFBC}") = "Szamonkeres", "Szamonkeres.csproj", "{5B590710-1DBF-42F7-A3FE-BC46C2257160}"
EndProject
Global
	GlobalSection(SolutionConfigurationPlatforms) = preSolution
		Debug|Any CPU = Debug|Any CPU
		Release|Any CPU = Release|Any CPU
	EndGlobalSection
	GlobalSection(ProjectConfigurationPlatforms) = postSolution
		{5B590710-1DBF-42F7-A3FE-BC46C2257160}.Debug|Any CPU.ActiveCfg = Debug|Any CPU
		{5B590710-1DBF-42F7-A3FE-BC46C2257160}.Debug|Any CPU.Build.0 = Debug|Any CPU
		{5B590710-1DBF-42F7-A3FE-BC46C2257160}.Release|Any CPU.ActiveCfg = Release|Any CPU
		{5B590710-1DBF-42F7-A3FE-BC46C2257160}.Release|Any CPU.Build.0 = Release|Any CPU
	EndGlobalSection
	GlobalSection(SolutionProperties) = preSolution
		HideSolutionNode = FALSE
	EndGlobalSection
	GlobalSection(ExtensibilityGlobals) = postSolution
		SolutionGuid = {42CCAC15-1427-47C9-A5CD-C8FEAF9E31AF}
	EndGlobalSection
EndGlobal
