
Microsoft Visual Studio Solution File, Format Version 12.00
# Visual Studio Version 17
VisualStudioVersion = 17.6.33829.357
MinimumVisualStudioVersion = 10.0.40219.1
Project("{FAE04EC0-301F-11D3-BF4B-00C04F79EFBC}") = "OrvosiNobeldijasok", "OrvosiNobeldijasok\OrvosiNobeldijasok.csproj", "{1E3B7152-BA67-4965-A8E2-18F91D33DEE5}"
EndProject
Global
	GlobalSection(SolutionConfigurationPlatforms) = preSolution
		Debug|Any CPU = Debug|Any CPU
		Release|Any CPU = Release|Any CPU
	EndGlobalSection
	GlobalSection(ProjectConfigurationPlatforms) = postSolution
		{1E3B7152-BA67-4965-A8E2-18F91D33DEE5}.Debug|Any CPU.ActiveCfg = Debug|Any CPU
		{1E3B7152-BA67-4965-A8E2-18F91D33DEE5}.Debug|Any CPU.Build.0 = Debug|Any CPU
		{1E3B7152-BA67-4965-A8E2-18F91D33DEE5}.Release|Any CPU.ActiveCfg = Release|Any CPU
		{1E3B7152-BA67-4965-A8E2-18F91D33DEE5}.Release|Any CPU.Build.0 = Release|Any CPU
	EndGlobalSection
	GlobalSection(SolutionProperties) = preSolution
		HideSolutionNode = FALSE
	EndGlobalSection
	GlobalSection(ExtensibilityGlobals) = postSolution
		SolutionGuid = {30A39CE1-EAA2-46D3-9B3B-3BF33DBFA53D}
	EndGlobalSection
EndGlobal
