
Microsoft Visual Studio Solution File, Format Version 12.00
# Visual Studio Version 17
VisualStudioVersion = 17.6.33829.357
MinimumVisualStudioVersion = 10.0.40219.1
Project("{FAE04EC0-301F-11D3-BF4B-00C04F79EFBC}") = "MM-Kocsik", "MM-Kocsik\MM-Kocsik.csproj", "{34CF3FBA-B435-4C18-8DD9-F2E7BFD1E82A}"
EndProject
Global
	GlobalSection(SolutionConfigurationPlatforms) = preSolution
		Debug|Any CPU = Debug|Any CPU
		Release|Any CPU = Release|Any CPU
	EndGlobalSection
	GlobalSection(ProjectConfigurationPlatforms) = postSolution
		{34CF3FBA-B435-4C18-8DD9-F2E7BFD1E82A}.Debug|Any CPU.ActiveCfg = Debug|Any CPU
		{34CF3FBA-B435-4C18-8DD9-F2E7BFD1E82A}.Debug|Any CPU.Build.0 = Debug|Any CPU
		{34CF3FBA-B435-4C18-8DD9-F2E7BFD1E82A}.Release|Any CPU.ActiveCfg = Release|Any CPU
		{34CF3FBA-B435-4C18-8DD9-F2E7BFD1E82A}.Release|Any CPU.Build.0 = Release|Any CPU
	EndGlobalSection
	GlobalSection(SolutionProperties) = preSolution
		HideSolutionNode = FALSE
	EndGlobalSection
	GlobalSection(ExtensibilityGlobals) = postSolution
		SolutionGuid = {D312172B-EEEA-4C8B-A860-084FF4F10158}
	EndGlobalSection
EndGlobal
