
Microsoft Visual Studio Solution File, Format Version 12.00
# Visual Studio Version 17
VisualStudioVersion = 17.6.33829.357
MinimumVisualStudioVersion = 10.0.40219.1
Project("{FAE04EC0-301F-11D3-BF4B-00C04F79EFBC}") = "MM-bizonyitvany", "MM-bizonyitvany\MM-bizonyitvany.csproj", "{89157660-21CB-4A6B-B496-8F6FC0AA205E}"
EndProject
Global
	GlobalSection(SolutionConfigurationPlatforms) = preSolution
		Debug|Any CPU = Debug|Any CPU
		Release|Any CPU = Release|Any CPU
	EndGlobalSection
	GlobalSection(ProjectConfigurationPlatforms) = postSolution
		{89157660-21CB-4A6B-B496-8F6FC0AA205E}.Debug|Any CPU.ActiveCfg = Debug|Any CPU
		{89157660-21CB-4A6B-B496-8F6FC0AA205E}.Debug|Any CPU.Build.0 = Debug|Any CPU
		{89157660-21CB-4A6B-B496-8F6FC0AA205E}.Release|Any CPU.ActiveCfg = Release|Any CPU
		{89157660-21CB-4A6B-B496-8F6FC0AA205E}.Release|Any CPU.Build.0 = Release|Any CPU
	EndGlobalSection
	GlobalSection(SolutionProperties) = preSolution
		HideSolutionNode = FALSE
	EndGlobalSection
	GlobalSection(ExtensibilityGlobals) = postSolution
		SolutionGuid = {B3D6746C-3BCE-4D00-9D01-D0F6EAB229C9}
	EndGlobalSection
EndGlobal
