
Microsoft Visual Studio Solution File, Format Version 12.00
# Visual Studio Version 17
VisualStudioVersion = 17.6.33829.357
MinimumVisualStudioVersion = 10.0.40219.1
Project("{FAE04EC0-301F-11D3-BF4B-00C04F79EFBC}") = "szamok1-100", "szamok1-100\szamok1-100.csproj", "{92C78E1C-B15C-4156-992F-3EDC98D22757}"
EndProject
Project("{FAE04EC0-301F-11D3-BF4B-00C04F79EFBC}") = "for_focicsapat_vizsgalat", "for_focicsapat_vizsgalat\for_focicsapat_vizsgalat.csproj", "{228DD000-12D7-4F17-9186-BDF40F85E687}"
EndProject
Project("{FAE04EC0-301F-11D3-BF4B-00C04F79EFBC}") = "MM-kosarlabda", "MM-kosarlabda\MM-kosarlabda.csproj", "{7EC48C9C-0FF2-4C57-851C-4F3596085861}"
EndProject
Global
	GlobalSection(SolutionConfigurationPlatforms) = preSolution
		Debug|Any CPU = Debug|Any CPU
		Release|Any CPU = Release|Any CPU
	EndGlobalSection
	GlobalSection(ProjectConfigurationPlatforms) = postSolution
		{92C78E1C-B15C-4156-992F-3EDC98D22757}.Debug|Any CPU.ActiveCfg = Debug|Any CPU
		{92C78E1C-B15C-4156-992F-3EDC98D22757}.Debug|Any CPU.Build.0 = Debug|Any CPU
		{92C78E1C-B15C-4156-992F-3EDC98D22757}.Release|Any CPU.ActiveCfg = Release|Any CPU
		{92C78E1C-B15C-4156-992F-3EDC98D22757}.Release|Any CPU.Build.0 = Release|Any CPU
		{228DD000-12D7-4F17-9186-BDF40F85E687}.Debug|Any CPU.ActiveCfg = Debug|Any CPU
		{228DD000-12D7-4F17-9186-BDF40F85E687}.Debug|Any CPU.Build.0 = Debug|Any CPU
		{228DD000-12D7-4F17-9186-BDF40F85E687}.Release|Any CPU.ActiveCfg = Release|Any CPU
		{228DD000-12D7-4F17-9186-BDF40F85E687}.Release|Any CPU.Build.0 = Release|Any CPU
		{7EC48C9C-0FF2-4C57-851C-4F3596085861}.Debug|Any CPU.ActiveCfg = Debug|Any CPU
		{7EC48C9C-0FF2-4C57-851C-4F3596085861}.Debug|Any CPU.Build.0 = Debug|Any CPU
		{7EC48C9C-0FF2-4C57-851C-4F3596085861}.Release|Any CPU.ActiveCfg = Release|Any CPU
		{7EC48C9C-0FF2-4C57-851C-4F3596085861}.Release|Any CPU.Build.0 = Release|Any CPU
	EndGlobalSection
	GlobalSection(SolutionProperties) = preSolution
		HideSolutionNode = FALSE
	EndGlobalSection
	GlobalSection(ExtensibilityGlobals) = postSolution
		SolutionGuid = {BEB2F662-6850-4781-B212-8CD037F1A25D}
	EndGlobalSection
EndGlobal
