
Microsoft Visual Studio Solution File, Format Version 12.00
# Visual Studio Version 17
VisualStudioVersion = 17.6.33829.357
MinimumVisualStudioVersion = 10.0.40219.1
Project("{FAE04EC0-301F-11D3-BF4B-00C04F79EFBC}") = "MM_OOP", "MM_OOP\MM_OOP.csproj", "{77CC59E3-C95C-4D7C-A9E5-A54735475B2F}"
EndProject
Global
	GlobalSection(SolutionConfigurationPlatforms) = preSolution
		Debug|Any CPU = Debug|Any CPU
		Release|Any CPU = Release|Any CPU
	EndGlobalSection
	GlobalSection(ProjectConfigurationPlatforms) = postSolution
		{77CC59E3-C95C-4D7C-A9E5-A54735475B2F}.Debug|Any CPU.ActiveCfg = Debug|Any CPU
		{77CC59E3-C95C-4D7C-A9E5-A54735475B2F}.Debug|Any CPU.Build.0 = Debug|Any CPU
		{77CC59E3-C95C-4D7C-A9E5-A54735475B2F}.Release|Any CPU.ActiveCfg = Release|Any CPU
		{77CC59E3-C95C-4D7C-A9E5-A54735475B2F}.Release|Any CPU.Build.0 = Release|Any CPU
	EndGlobalSection
	GlobalSection(SolutionProperties) = preSolution
		HideSolutionNode = FALSE
	EndGlobalSection
	GlobalSection(ExtensibilityGlobals) = postSolution
		SolutionGuid = {981712BE-A21E-4029-BEE5-24F1215FD74F}
	EndGlobalSection
EndGlobal
