
Microsoft Visual Studio Solution File, Format Version 12.00
# Visual Studio Version 17
VisualStudioVersion = 17.6.33829.357
MinimumVisualStudioVersion = 10.0.40219.1
Project("{FAE04EC0-301F-11D3-BF4B-00C04F79EFBC}") = "MM-lista", "MM-lista\MM-lista.csproj", "{1B5FA530-96B0-4162-A955-266D29C312BB}"
EndProject
Project("{FAE04EC0-301F-11D3-BF4B-00C04F79EFBC}") = "autok", "autok\autok.csproj", "{44D0DD2F-8181-4935-8F1D-9E513A134C41}"
EndProject
Global
	GlobalSection(SolutionConfigurationPlatforms) = preSolution
		Debug|Any CPU = Debug|Any CPU
		Release|Any CPU = Release|Any CPU
	EndGlobalSection
	GlobalSection(ProjectConfigurationPlatforms) = postSolution
		{1B5FA530-96B0-4162-A955-266D29C312BB}.Debug|Any CPU.ActiveCfg = Debug|Any CPU
		{1B5FA530-96B0-4162-A955-266D29C312BB}.Debug|Any CPU.Build.0 = Debug|Any CPU
		{1B5FA530-96B0-4162-A955-266D29C312BB}.Release|Any CPU.ActiveCfg = Release|Any CPU
		{1B5FA530-96B0-4162-A955-266D29C312BB}.Release|Any CPU.Build.0 = Release|Any CPU
		{44D0DD2F-8181-4935-8F1D-9E513A134C41}.Debug|Any CPU.ActiveCfg = Debug|Any CPU
		{44D0DD2F-8181-4935-8F1D-9E513A134C41}.Debug|Any CPU.Build.0 = Debug|Any CPU
		{44D0DD2F-8181-4935-8F1D-9E513A134C41}.Release|Any CPU.ActiveCfg = Release|Any CPU
		{44D0DD2F-8181-4935-8F1D-9E513A134C41}.Release|Any CPU.Build.0 = Release|Any CPU
	EndGlobalSection
	GlobalSection(SolutionProperties) = preSolution
		HideSolutionNode = FALSE
	EndGlobalSection
	GlobalSection(ExtensibilityGlobals) = postSolution
		SolutionGuid = {DC3D9C59-D2BD-4CA4-8CE3-57DD08B4C1B6}
	EndGlobalSection
EndGlobal
