
Microsoft Visual Studio Solution File, Format Version 12.00
# Visual Studio Version 17
VisualStudioVersion = 17.6.33829.357
MinimumVisualStudioVersion = 10.0.40219.1
Project("{FAE04EC0-301F-11D3-BF4B-00C04F79EFBC}") = "Halmaz", "Halmaz\Halmaz.csproj", "{FA57A5CF-6A85-4EFF-80BE-9D37662E8E8D}"
EndProject
Project("{FAE04EC0-301F-11D3-BF4B-00C04F79EFBC}") = "MM-halmaz-gyak", "MM-halmaz-gyak\MM-halmaz-gyak.csproj", "{06B94D67-647D-4D6A-8F45-990B1A582657}"
EndProject
Global
	GlobalSection(SolutionConfigurationPlatforms) = preSolution
		Debug|Any CPU = Debug|Any CPU
		Release|Any CPU = Release|Any CPU
	EndGlobalSection
	GlobalSection(ProjectConfigurationPlatforms) = postSolution
		{FA57A5CF-6A85-4EFF-80BE-9D37662E8E8D}.Debug|Any CPU.ActiveCfg = Debug|Any CPU
		{FA57A5CF-6A85-4EFF-80BE-9D37662E8E8D}.Debug|Any CPU.Build.0 = Debug|Any CPU
		{FA57A5CF-6A85-4EFF-80BE-9D37662E8E8D}.Release|Any CPU.ActiveCfg = Release|Any CPU
		{FA57A5CF-6A85-4EFF-80BE-9D37662E8E8D}.Release|Any CPU.Build.0 = Release|Any CPU
		{06B94D67-647D-4D6A-8F45-990B1A582657}.Debug|Any CPU.ActiveCfg = Debug|Any CPU
		{06B94D67-647D-4D6A-8F45-990B1A582657}.Debug|Any CPU.Build.0 = Debug|Any CPU
		{06B94D67-647D-4D6A-8F45-990B1A582657}.Release|Any CPU.ActiveCfg = Release|Any CPU
		{06B94D67-647D-4D6A-8F45-990B1A582657}.Release|Any CPU.Build.0 = Release|Any CPU
	EndGlobalSection
	GlobalSection(SolutionProperties) = preSolution
		HideSolutionNode = FALSE
	EndGlobalSection
	GlobalSection(ExtensibilityGlobals) = postSolution
		SolutionGuid = {5AEAB6A7-D29C-4C3C-B3B0-327D16540BF8}
	EndGlobalSection
EndGlobal
