
Microsoft Visual Studio Solution File, Format Version 12.00
# Visual Studio Version 17
VisualStudioVersion = 17.6.33829.357
MinimumVisualStudioVersion = 10.0.40219.1
Project("{FAE04EC0-301F-11D3-BF4B-00C04F79EFBC}") = "MM-ut_eredmenyek", "MM-ut_eredmenyek\MM-ut_eredmenyek.csproj", "{34CF7E58-EC61-47E6-BED6-38A9FF2BB0A3}"
EndProject
Global
	GlobalSection(SolutionConfigurationPlatforms) = preSolution
		Debug|Any CPU = Debug|Any CPU
		Release|Any CPU = Release|Any CPU
	EndGlobalSection
	GlobalSection(ProjectConfigurationPlatforms) = postSolution
		{34CF7E58-EC61-47E6-BED6-38A9FF2BB0A3}.Debug|Any CPU.ActiveCfg = Debug|Any CPU
		{34CF7E58-EC61-47E6-BED6-38A9FF2BB0A3}.Debug|Any CPU.Build.0 = Debug|Any CPU
		{34CF7E58-EC61-47E6-BED6-38A9FF2BB0A3}.Release|Any CPU.ActiveCfg = Release|Any CPU
		{34CF7E58-EC61-47E6-BED6-38A9FF2BB0A3}.Release|Any CPU.Build.0 = Release|Any CPU
	EndGlobalSection
	GlobalSection(SolutionProperties) = preSolution
		HideSolutionNode = FALSE
	EndGlobalSection
	GlobalSection(ExtensibilityGlobals) = postSolution
		SolutionGuid = {0CD502D1-949D-4CFF-A72F-3C3E408C1034}
	EndGlobalSection
EndGlobal
